
Microsoft Visual Studio Solution File, Format Version 12.00
# Visual Studio Version 17
VisualStudioVersion = 17.0.31903.59
MinimumVisualStudioVersion = 10.0.40219.1
Project("{2150E333-8FDC-42A3-9474-1A3956D46DE8}") = "src", "src", "{BAB26B4B-1810-454C-8373-F60A84BAD42B}"
EndProject
Project("{FAE04EC0-301F-11D3-BF4B-00C04F79EFBC}") = "AuctionService", "src\AuctionService\AuctionService.csproj", "{350263EE-2CA5-4881-B6D2-D244417E9060}"
EndProject
Project("{FAE04EC0-301F-11D3-BF4B-00C04F79EFBC}") = "SearchService", "src\SearchService\SearchService.csproj", "{09A3A81E-EEF2-4FAE-9ED5-EFCEEAC03212}"
EndProject
Project("{FAE04EC0-301F-11D3-BF4B-00C04F79EFBC}") = "Contracts", "src\Contracts\Contracts.csproj", "{7EF7AE45-6FF0-41DE-AF2F-514F573E649B}"
EndProject
Project("{FAE04EC0-301F-11D3-BF4B-00C04F79EFBC}") = "IdentityService", "src\IdentityService\IdentityService.csproj", "{4A99B8A9-444F-42B9-9FD9-275521CD735B}"
EndProject
Global
	GlobalSection(SolutionConfigurationPlatforms) = preSolution
		Debug|Any CPU = Debug|Any CPU
		Release|Any CPU = Release|Any CPU
	EndGlobalSection
	GlobalSection(SolutionProperties) = preSolution
		HideSolutionNode = FALSE
	EndGlobalSection
	GlobalSection(ProjectConfigurationPlatforms) = postSolution
		{350263EE-2CA5-4881-B6D2-D244417E9060}.Debug|Any CPU.ActiveCfg = Debug|Any CPU
		{350263EE-2CA5-4881-B6D2-D244417E9060}.Debug|Any CPU.Build.0 = Debug|Any CPU
		{350263EE-2CA5-4881-B6D2-D244417E9060}.Release|Any CPU.ActiveCfg = Release|Any CPU
		{350263EE-2CA5-4881-B6D2-D244417E9060}.Release|Any CPU.Build.0 = Release|Any CPU
		{09A3A81E-EEF2-4FAE-9ED5-EFCEEAC03212}.Debug|Any CPU.ActiveCfg = Debug|Any CPU
		{09A3A81E-EEF2-4FAE-9ED5-EFCEEAC03212}.Debug|Any CPU.Build.0 = Debug|Any CPU
		{09A3A81E-EEF2-4FAE-9ED5-EFCEEAC03212}.Release|Any CPU.ActiveCfg = Release|Any CPU
		{09A3A81E-EEF2-4FAE-9ED5-EFCEEAC03212}.Release|Any CPU.Build.0 = Release|Any CPU
		{7EF7AE45-6FF0-41DE-AF2F-514F573E649B}.Debug|Any CPU.ActiveCfg = Debug|Any CPU
		{7EF7AE45-6FF0-41DE-AF2F-514F573E649B}.Debug|Any CPU.Build.0 = Debug|Any CPU
		{7EF7AE45-6FF0-41DE-AF2F-514F573E649B}.Release|Any CPU.ActiveCfg = Release|Any CPU
		{7EF7AE45-6FF0-41DE-AF2F-514F573E649B}.Release|Any CPU.Build.0 = Release|Any CPU
		{4A99B8A9-444F-42B9-9FD9-275521CD735B}.Debug|Any CPU.ActiveCfg = Debug|Any CPU
		{4A99B8A9-444F-42B9-9FD9-275521CD735B}.Debug|Any CPU.Build.0 = Debug|Any CPU
		{4A99B8A9-444F-42B9-9FD9-275521CD735B}.Release|Any CPU.ActiveCfg = Release|Any CPU
		{4A99B8A9-444F-42B9-9FD9-275521CD735B}.Release|Any CPU.Build.0 = Release|Any CPU
	EndGlobalSection
	GlobalSection(NestedProjects) = preSolution
		{350263EE-2CA5-4881-B6D2-D244417E9060} = {BAB26B4B-1810-454C-8373-F60A84BAD42B}
		{09A3A81E-EEF2-4FAE-9ED5-EFCEEAC03212} = {BAB26B4B-1810-454C-8373-F60A84BAD42B}
		{7EF7AE45-6FF0-41DE-AF2F-514F573E649B} = {BAB26B4B-1810-454C-8373-F60A84BAD42B}
		{4A99B8A9-444F-42B9-9FD9-275521CD735B} = {BAB26B4B-1810-454C-8373-F60A84BAD42B}
	EndGlobalSection
EndGlobal
